
Microsoft Visual Studio Solution File, Format Version 12.00
# Visual Studio Version 17
VisualStudioVersion = 17.0.32112.339
MinimumVisualStudioVersion = 10.0.40219.1
Project("{9A19103F-16F7-4668-BE54-9A1E7A4F7556}") = "MiniArmory.Web", "MiniArmory.Web\MiniArmory.Web.csproj", "{175DC987-27DE-46D1-BA24-60AB66ECF631}"
EndProject
Project("{9A19103F-16F7-4668-BE54-9A1E7A4F7556}") = "MiniArmory.Data", "MiniArmory.Data\MiniArmory.Data.csproj", "{630C964E-B185-46D3-9AB3-061D2B78D333}"
EndProject
Project("{9A19103F-16F7-4668-BE54-9A1E7A4F7556}") = "MiniArmory.Core", "MiniArmory.Core\MiniArmory.Core.csproj", "{C12B3768-CF88-4C8D-814B-3AE83E4CA8D0}"
EndProject
Project("{FAE04EC0-301F-11D3-BF4B-00C04F79EFBC}") = "MiniArmory.Test", "MiniArmory.Test\MiniArmory.Test.csproj", "{A5F1C950-099B-4939-B7A1-C8C04634B3E5}"
EndProject
Global
	GlobalSection(SolutionConfigurationPlatforms) = preSolution
		Debug|Any CPU = Debug|Any CPU
		Release|Any CPU = Release|Any CPU
	EndGlobalSection
	GlobalSection(ProjectConfigurationPlatforms) = postSolution
		{175DC987-27DE-46D1-BA24-60AB66ECF631}.Debug|Any CPU.ActiveCfg = Debug|Any CPU
		{175DC987-27DE-46D1-BA24-60AB66ECF631}.Debug|Any CPU.Build.0 = Debug|Any CPU
		{175DC987-27DE-46D1-BA24-60AB66ECF631}.Release|Any CPU.ActiveCfg = Release|Any CPU
		{175DC987-27DE-46D1-BA24-60AB66ECF631}.Release|Any CPU.Build.0 = Release|Any CPU
		{630C964E-B185-46D3-9AB3-061D2B78D333}.Debug|Any CPU.ActiveCfg = Debug|Any CPU
		{630C964E-B185-46D3-9AB3-061D2B78D333}.Debug|Any CPU.Build.0 = Debug|Any CPU
		{630C964E-B185-46D3-9AB3-061D2B78D333}.Release|Any CPU.ActiveCfg = Release|Any CPU
		{630C964E-B185-46D3-9AB3-061D2B78D333}.Release|Any CPU.Build.0 = Release|Any CPU
		{C12B3768-CF88-4C8D-814B-3AE83E4CA8D0}.Debug|Any CPU.ActiveCfg = Debug|Any CPU
		{C12B3768-CF88-4C8D-814B-3AE83E4CA8D0}.Debug|Any CPU.Build.0 = Debug|Any CPU
		{C12B3768-CF88-4C8D-814B-3AE83E4CA8D0}.Release|Any CPU.ActiveCfg = Release|Any CPU
		{C12B3768-CF88-4C8D-814B-3AE83E4CA8D0}.Release|Any CPU.Build.0 = Release|Any CPU
		{A5F1C950-099B-4939-B7A1-C8C04634B3E5}.Debug|Any CPU.ActiveCfg = Debug|Any CPU
		{A5F1C950-099B-4939-B7A1-C8C04634B3E5}.Debug|Any CPU.Build.0 = Debug|Any CPU
		{A5F1C950-099B-4939-B7A1-C8C04634B3E5}.Release|Any CPU.ActiveCfg = Release|Any CPU
		{A5F1C950-099B-4939-B7A1-C8C04634B3E5}.Release|Any CPU.Build.0 = Release|Any CPU
	EndGlobalSection
	GlobalSection(SolutionProperties) = preSolution
		HideSolutionNode = FALSE
	EndGlobalSection
	GlobalSection(ExtensibilityGlobals) = postSolution
		SolutionGuid = {7CF6B0D6-AE3A-49DA-A4BF-5051A512D52E}
	EndGlobalSection
EndGlobal
